// !$*UTF8*$!
{
	archiveVersion = 1;
	classes = {
	};
	objectVersion = 46;
	objects = {

/* Begin PBXBuildFile section */
		78097C931C060FDD00848BE3 /* ARRStartViewController.m in Sources */ = {isa = PBXBuildFile; fileRef = 78097C911C060FDD00848BE3 /* ARRStartViewController.m */; };
		78097C941C060FDD00848BE3 /* ARRStartViewController.xib in Resources */ = {isa = PBXBuildFile; fileRef = 78097C921C060FDD00848BE3 /* ARRStartViewController.xib */; };
		78097C971C06105100848BE3 /* ARRStartView.m in Sources */ = {isa = PBXBuildFile; fileRef = 78097C961C06105100848BE3 /* ARRStartView.m */; };
		78097C9B1C06427200848BE3 /* ARRScoreModel.m in Sources */ = {isa = PBXBuildFile; fileRef = 78097C9A1C06427200848BE3 /* ARRScoreModel.m */; };
		78097C9F1C0642A300848BE3 /* ARRContentModel.m in Sources */ = {isa = PBXBuildFile; fileRef = 78097C9E1C0642A300848BE3 /* ARRContentModel.m */; };
		7830E5C21C0330A40096C6B7 /* main.m in Sources */ = {isa = PBXBuildFile; fileRef = 7830E5C11C0330A40096C6B7 /* main.m */; };
		7830E5DA1C035ACA0096C6B7 /* Assets.xcassets in Resources */ = {isa = PBXBuildFile; fileRef = 7830E5D91C035ACA0096C6B7 /* Assets.xcassets */; };
		7830E5E01C035B020096C6B7 /* LaunchScreen.storyboard in Resources */ = {isa = PBXBuildFile; fileRef = 7830E5DC1C035B020096C6B7 /* LaunchScreen.storyboard */; };
		7830E5ED1C039C7C0096C6B7 /* ARRAppDelegate.m in Sources */ = {isa = PBXBuildFile; fileRef = 7830E5EB1C039C7C0096C6B7 /* ARRAppDelegate.m */; };
		7830E5F31C0467E00096C6B7 /* ARRObservableObject.m in Sources */ = {isa = PBXBuildFile; fileRef = 7830E5F21C0467E00096C6B7 /* ARRObservableObject.m */; };
		7830E5FA1C0468C30096C6B7 /* UIWindow+ARRWindow.m in Sources */ = {isa = PBXBuildFile; fileRef = 7830E5F61C0468C30096C6B7 /* UIWindow+ARRWindow.m */; };
		7830E5FB1C0468C30096C6B7 /* UIViewController+ARRExtensions.m in Sources */ = {isa = PBXBuildFile; fileRef = 7830E5F91C0468C30096C6B7 /* UIViewController+ARRExtensions.m */; };
		7830E5FF1C047CC40096C6B7 /* ARRViewController.m in Sources */ = {isa = PBXBuildFile; fileRef = 7830E5FE1C047CC40096C6B7 /* ARRViewController.m */; };
		7830E6031C051CA30096C6B7 /* ARRView.m in Sources */ = {isa = PBXBuildFile; fileRef = 7830E6021C051CA30096C6B7 /* ARRView.m */; };
		784191051C0F1231005D8B64 /* LevelsFactor.plist in Resources */ = {isa = PBXBuildFile; fileRef = 784191041C0F1231005D8B64 /* LevelsFactor.plist */; };
		784191071C0F1D17005D8B64 /* LevelsNames.plist in Resources */ = {isa = PBXBuildFile; fileRef = 784191061C0F1D17005D8B64 /* LevelsNames.plist */; };
		784191101C10C3FD005D8B64 /* ARRFailViewController.m in Sources */ = {isa = PBXBuildFile; fileRef = 7841910E1C10C3FD005D8B64 /* ARRFailViewController.m */; };
		784191111C10C3FD005D8B64 /* ARRFailViewController.xib in Resources */ = {isa = PBXBuildFile; fileRef = 7841910F1C10C3FD005D8B64 /* ARRFailViewController.xib */; };
		784191141C10C9FB005D8B64 /* ARRFailView.m in Sources */ = {isa = PBXBuildFile; fileRef = 784191131C10C9FB005D8B64 /* ARRFailView.m */; };
		784191191C120966005D8B64 /* ARRResultViewController.m in Sources */ = {isa = PBXBuildFile; fileRef = 784191171C120966005D8B64 /* ARRResultViewController.m */; };
		7841911A1C120966005D8B64 /* ARRResultViewController.xib in Resources */ = {isa = PBXBuildFile; fileRef = 784191181C120966005D8B64 /* ARRResultViewController.xib */; };
		7841911D1C122BBF005D8B64 /* ARRResultView.m in Sources */ = {isa = PBXBuildFile; fileRef = 7841911C1C122BBF005D8B64 /* ARRResultView.m */; };
		784359461C1B1BFB00EA9B21 /* ARRMotionModel.m in Sources */ = {isa = PBXBuildFile; fileRef = 784359451C1B1BFB00EA9B21 /* ARRMotionModel.m */; };
		784359481C1B23AA00EA9B21 /* CoreMotion.framework in Frameworks */ = {isa = PBXBuildFile; fileRef = 784359471C1B23AA00EA9B21 /* CoreMotion.framework */; };
		78B8E47F1C1D8E540080A1DF /* fart-01.wav in Resources */ = {isa = PBXBuildFile; fileRef = 78B8E47E1C1D8E540080A1DF /* fart-01.wav */; };
		78B8E4831C1DC8120080A1DF /* Default-568h@2x.png in Resources */ = {isa = PBXBuildFile; fileRef = 78B8E4801C1DC8120080A1DF /* Default-568h@2x.png */; };
		78B8E4841C1DC8120080A1DF /* Default.png in Resources */ = {isa = PBXBuildFile; fileRef = 78B8E4811C1DC8120080A1DF /* Default.png */; };
		78B8E4851C1DC8120080A1DF /* Default@2x.png in Resources */ = {isa = PBXBuildFile; fileRef = 78B8E4821C1DC8120080A1DF /* Default@2x.png */; };
		78B8E4871C1DE3EA0080A1DF /* robot-start.wav in Resources */ = {isa = PBXBuildFile; fileRef = 78B8E4861C1DE3EA0080A1DF /* robot-start.wav */; };
		78B8E4891C1DE3F60080A1DF /* robot-stop.wav in Resources */ = {isa = PBXBuildFile; fileRef = 78B8E4881C1DE3F60080A1DF /* robot-stop.wav */; };
/* End PBXBuildFile section */

/* Begin PBXFileReference section */
		78097C901C060FDD00848BE3 /* ARRStartViewController.h */ = {isa = PBXFileReference; fileEncoding = 4; lastKnownFileType = sourcecode.c.h; path = ARRStartViewController.h; sourceTree = "<group>"; };
		78097C911C060FDD00848BE3 /* ARRStartViewController.m */ = {isa = PBXFileReference; fileEncoding = 4; lastKnownFileType = sourcecode.c.objc; path = ARRStartViewController.m; sourceTree = "<group>"; };
		78097C921C060FDD00848BE3 /* ARRStartViewController.xib */ = {isa = PBXFileReference; fileEncoding = 4; lastKnownFileType = file.xib; path = ARRStartViewController.xib; sourceTree = "<group>"; };
		78097C951C06105100848BE3 /* ARRStartView.h */ = {isa = PBXFileReference; fileEncoding = 4; lastKnownFileType = sourcecode.c.h; path = ARRStartView.h; sourceTree = "<group>"; };
		78097C961C06105100848BE3 /* ARRStartView.m */ = {isa = PBXFileReference; fileEncoding = 4; lastKnownFileType = sourcecode.c.objc; path = ARRStartView.m; sourceTree = "<group>"; };
		78097C991C06427200848BE3 /* ARRScoreModel.h */ = {isa = PBXFileReference; fileEncoding = 4; lastKnownFileType = sourcecode.c.h; path = ARRScoreModel.h; sourceTree = "<group>"; };
		78097C9A1C06427200848BE3 /* ARRScoreModel.m */ = {isa = PBXFileReference; fileEncoding = 4; lastKnownFileType = sourcecode.c.objc; path = ARRScoreModel.m; sourceTree = "<group>"; };
		78097C9D1C0642A300848BE3 /* ARRContentModel.h */ = {isa = PBXFileReference; fileEncoding = 4; lastKnownFileType = sourcecode.c.h; path = ARRContentModel.h; sourceTree = "<group>"; };
		78097C9E1C0642A300848BE3 /* ARRContentModel.m */ = {isa = PBXFileReference; fileEncoding = 4; lastKnownFileType = sourcecode.c.objc; path = ARRContentModel.m; sourceTree = "<group>"; };
		7830E5BD1C0330A40096C6B7 /* PhoneSpin.app */ = {isa = PBXFileReference; explicitFileType = wrapper.application; includeInIndex = 0; path = PhoneSpin.app; sourceTree = BUILT_PRODUCTS_DIR; };
		7830E5C11C0330A40096C6B7 /* main.m */ = {isa = PBXFileReference; lastKnownFileType = sourcecode.c.objc; path = main.m; sourceTree = "<group>"; };
		7830E5D11C0330A40096C6B7 /* Info.plist */ = {isa = PBXFileReference; lastKnownFileType = text.plist.xml; path = Info.plist; sourceTree = "<group>"; };
		7830E5D91C035ACA0096C6B7 /* Assets.xcassets */ = {isa = PBXFileReference; lastKnownFileType = folder.assetcatalog; path = Assets.xcassets; sourceTree = "<group>"; };
		7830E5DD1C035B020096C6B7 /* Base */ = {isa = PBXFileReference; lastKnownFileType = file.storyboard; name = Base; path = LaunchScreen.storyboard; sourceTree = "<group>"; };
		7830E5EB1C039C7C0096C6B7 /* ARRAppDelegate.m */ = {isa = PBXFileReference; fileEncoding = 4; lastKnownFileType = sourcecode.c.objc; path = ARRAppDelegate.m; sourceTree = "<group>"; };
		7830E5EC1C039C7C0096C6B7 /* ARRAppDelegate.h */ = {isa = PBXFileReference; fileEncoding = 4; lastKnownFileType = sourcecode.c.h; path = ARRAppDelegate.h; sourceTree = "<group>"; };
		7830E5EF1C0467820096C6B7 /* ARRUniversalMacros.h */ = {isa = PBXFileReference; fileEncoding = 4; lastKnownFileType = sourcecode.c.h; path = ARRUniversalMacros.h; sourceTree = "<group>"; };
		7830E5F11C0467E00096C6B7 /* ARRObservableObject.h */ = {isa = PBXFileReference; fileEncoding = 4; lastKnownFileType = sourcecode.c.h; path = ARRObservableObject.h; sourceTree = "<group>"; };
		7830E5F21C0467E00096C6B7 /* ARRObservableObject.m */ = {isa = PBXFileReference; fileEncoding = 4; lastKnownFileType = sourcecode.c.objc; path = ARRObservableObject.m; sourceTree = "<group>"; };
		7830E5F51C0468C30096C6B7 /* UIWindow+ARRWindow.h */ = {isa = PBXFileReference; fileEncoding = 4; lastKnownFileType = sourcecode.c.h; path = "UIWindow+ARRWindow.h"; sourceTree = "<group>"; };
		7830E5F61C0468C30096C6B7 /* UIWindow+ARRWindow.m */ = {isa = PBXFileReference; fileEncoding = 4; lastKnownFileType = sourcecode.c.objc; path = "UIWindow+ARRWindow.m"; sourceTree = "<group>"; };
		7830E5F81C0468C30096C6B7 /* UIViewController+ARRExtensions.h */ = {isa = PBXFileReference; fileEncoding = 4; lastKnownFileType = sourcecode.c.h; path = "UIViewController+ARRExtensions.h"; sourceTree = "<group>"; };
		7830E5F91C0468C30096C6B7 /* UIViewController+ARRExtensions.m */ = {isa = PBXFileReference; fileEncoding = 4; lastKnownFileType = sourcecode.c.objc; path = "UIViewController+ARRExtensions.m"; sourceTree = "<group>"; };
		7830E5FD1C047CC40096C6B7 /* ARRViewController.h */ = {isa = PBXFileReference; fileEncoding = 4; lastKnownFileType = sourcecode.c.h; path = ARRViewController.h; sourceTree = "<group>"; };
		7830E5FE1C047CC40096C6B7 /* ARRViewController.m */ = {isa = PBXFileReference; fileEncoding = 4; lastKnownFileType = sourcecode.c.objc; path = ARRViewController.m; sourceTree = "<group>"; };
		7830E6011C051CA30096C6B7 /* ARRView.h */ = {isa = PBXFileReference; fileEncoding = 4; lastKnownFileType = sourcecode.c.h; path = ARRView.h; sourceTree = "<group>"; };
		7830E6021C051CA30096C6B7 /* ARRView.m */ = {isa = PBXFileReference; fileEncoding = 4; lastKnownFileType = sourcecode.c.objc; path = ARRView.m; sourceTree = "<group>"; };
		784191041C0F1231005D8B64 /* LevelsFactor.plist */ = {isa = PBXFileReference; fileEncoding = 4; lastKnownFileType = text.plist.xml; path = LevelsFactor.plist; sourceTree = "<group>"; };
		784191061C0F1D17005D8B64 /* LevelsNames.plist */ = {isa = PBXFileReference; fileEncoding = 4; lastKnownFileType = text.plist.xml; path = LevelsNames.plist; sourceTree = "<group>"; };
		7841910D1C10C3FD005D8B64 /* ARRFailViewController.h */ = {isa = PBXFileReference; fileEncoding = 4; lastKnownFileType = sourcecode.c.h; path = ARRFailViewController.h; sourceTree = "<group>"; };
		7841910E1C10C3FD005D8B64 /* ARRFailViewController.m */ = {isa = PBXFileReference; fileEncoding = 4; lastKnownFileType = sourcecode.c.objc; path = ARRFailViewController.m; sourceTree = "<group>"; };
		7841910F1C10C3FD005D8B64 /* ARRFailViewController.xib */ = {isa = PBXFileReference; fileEncoding = 4; lastKnownFileType = file.xib; path = ARRFailViewController.xib; sourceTree = "<group>"; };
		784191121C10C9FB005D8B64 /* ARRFailView.h */ = {isa = PBXFileReference; fileEncoding = 4; lastKnownFileType = sourcecode.c.h; path = ARRFailView.h; sourceTree = "<group>"; };
		784191131C10C9FB005D8B64 /* ARRFailView.m */ = {isa = PBXFileReference; fileEncoding = 4; lastKnownFileType = sourcecode.c.objc; path = ARRFailView.m; sourceTree = "<group>"; };
		784191161C120966005D8B64 /* ARRResultViewController.h */ = {isa = PBXFileReference; fileEncoding = 4; lastKnownFileType = sourcecode.c.h; path = ARRResultViewController.h; sourceTree = "<group>"; };
		784191171C120966005D8B64 /* ARRResultViewController.m */ = {isa = PBXFileReference; fileEncoding = 4; lastKnownFileType = sourcecode.c.objc; path = ARRResultViewController.m; sourceTree = "<group>"; };
		784191181C120966005D8B64 /* ARRResultViewController.xib */ = {isa = PBXFileReference; fileEncoding = 4; lastKnownFileType = file.xib; path = ARRResultViewController.xib; sourceTree = "<group>"; };
		7841911B1C122BBF005D8B64 /* ARRResultView.h */ = {isa = PBXFileReference; fileEncoding = 4; lastKnownFileType = sourcecode.c.h; path = ARRResultView.h; sourceTree = "<group>"; };
		7841911C1C122BBF005D8B64 /* ARRResultView.m */ = {isa = PBXFileReference; fileEncoding = 4; lastKnownFileType = sourcecode.c.objc; path = ARRResultView.m; sourceTree = "<group>"; };
		784359441C1B1BFB00EA9B21 /* ARRMotionModel.h */ = {isa = PBXFileReference; fileEncoding = 4; lastKnownFileType = sourcecode.c.h; path = ARRMotionModel.h; sourceTree = "<group>"; };
		784359451C1B1BFB00EA9B21 /* ARRMotionModel.m */ = {isa = PBXFileReference; fileEncoding = 4; lastKnownFileType = sourcecode.c.objc; path = ARRMotionModel.m; sourceTree = "<group>"; };
		784359471C1B23AA00EA9B21 /* CoreMotion.framework */ = {isa = PBXFileReference; lastKnownFileType = wrapper.framework; name = CoreMotion.framework; path = System/Library/Frameworks/CoreMotion.framework; sourceTree = SDKROOT; };
		78B8E47E1C1D8E540080A1DF /* fart-01.wav */ = {isa = PBXFileReference; lastKnownFileType = audio.wav; path = "fart-01.wav"; sourceTree = "<group>"; };
		78B8E4801C1DC8120080A1DF /* Default-568h@2x.png */ = {isa = PBXFileReference; lastKnownFileType = image.png; path = "Default-568h@2x.png"; sourceTree = "<group>"; };
		78B8E4811C1DC8120080A1DF /* Default.png */ = {isa = PBXFileReference; lastKnownFileType = image.png; path = Default.png; sourceTree = "<group>"; };
		78B8E4821C1DC8120080A1DF /* Default@2x.png */ = {isa = PBXFileReference; lastKnownFileType = image.png; path = "Default@2x.png"; sourceTree = "<group>"; };
		78B8E4861C1DE3EA0080A1DF /* robot-start.wav */ = {isa = PBXFileReference; lastKnownFileType = audio.wav; path = "robot-start.wav"; sourceTree = "<group>"; };
		78B8E4881C1DE3F60080A1DF /* robot-stop.wav */ = {isa = PBXFileReference; lastKnownFileType = audio.wav; path = "robot-stop.wav"; sourceTree = "<group>"; };
/* End PBXFileReference section */

/* Begin PBXFrameworksBuildPhase section */
		7830E5BA1C0330A40096C6B7 /* Frameworks */ = {
			isa = PBXFrameworksBuildPhase;
			buildActionMask = 2147483647;
			files = (
				784359481C1B23AA00EA9B21 /* CoreMotion.framework in Frameworks */,
			);
			runOnlyForDeploymentPostprocessing = 0;
		};
/* End PBXFrameworksBuildPhase section */

/* Begin PBXGroup section */
		78097C8F1C060F8100848BE3 /* ARRStartViewController */ = {
			isa = PBXGroup;
			children = (
				78097C901C060FDD00848BE3 /* ARRStartViewController.h */,
				78097C911C060FDD00848BE3 /* ARRStartViewController.m */,
				78097C921C060FDD00848BE3 /* ARRStartViewController.xib */,
				78097C951C06105100848BE3 /* ARRStartView.h */,
				78097C961C06105100848BE3 /* ARRStartView.m */,
			);
			path = ARRStartViewController;
			sourceTree = "<group>";
		};
		78097C981C06422700848BE3 /* ARRScoreModel */ = {
			isa = PBXGroup;
			children = (
				78097C991C06427200848BE3 /* ARRScoreModel.h */,
				78097C9A1C06427200848BE3 /* ARRScoreModel.m */,
				784191041C0F1231005D8B64 /* LevelsFactor.plist */,
				784191061C0F1D17005D8B64 /* LevelsNames.plist */,
			);
			path = ARRScoreModel;
			sourceTree = "<group>";
		};
		78097C9C1C06428300848BE3 /* ARRContentModel */ = {
			isa = PBXGroup;
			children = (
				78097C9D1C0642A300848BE3 /* ARRContentModel.h */,
				78097C9E1C0642A300848BE3 /* ARRContentModel.m */,
			);
			path = ARRContentModel;
			sourceTree = "<group>";
		};
		7830E5B41C0330A40096C6B7 = {
			isa = PBXGroup;
			children = (
				7830E5BF1C0330A40096C6B7 /* PhoneSpin */,
				7830E5D71C03590A0096C6B7 /* Source */,
				7830E5D81C03593B0096C6B7 /* Resources */,
				7830E5BE1C0330A40096C6B7 /* Products */,
			);
			sourceTree = "<group>";
		};
		7830E5BE1C0330A40096C6B7 /* Products */ = {
			isa = PBXGroup;
			children = (
				7830E5BD1C0330A40096C6B7 /* PhoneSpin.app */,
			);
			name = Products;
			sourceTree = "<group>";
		};
		7830E5BF1C0330A40096C6B7 /* PhoneSpin */ = {
			isa = PBXGroup;
			children = (
				7830E5EC1C039C7C0096C6B7 /* ARRAppDelegate.h */,
				7830E5EB1C039C7C0096C6B7 /* ARRAppDelegate.m */,
				7830E5D11C0330A40096C6B7 /* Info.plist */,
				7830E5C01C0330A40096C6B7 /* Supporting Files */,
			);
			path = PhoneSpin;
			sourceTree = "<group>";
		};
		7830E5C01C0330A40096C6B7 /* Supporting Files */ = {
			isa = PBXGroup;
			children = (
				7830E5C11C0330A40096C6B7 /* main.m */,
			);
			name = "Supporting Files";
			sourceTree = "<group>";
		};
		7830E5D71C03590A0096C6B7 /* Source */ = {
			isa = PBXGroup;
			children = (
				7830E5E51C035C1B0096C6B7 /* Library */,
				7830E5E41C035C0A0096C6B7 /* Models */,
				7830E5E31C035BE70096C6B7 /* Protocols */,
				7830E5E21C035BC20096C6B7 /* UI */,
			);
			path = Source;
			sourceTree = "<group>";
		};
		7830E5D81C03593B0096C6B7 /* Resources */ = {
			isa = PBXGroup;
			children = (
				78B8E4801C1DC8120080A1DF /* Default-568h@2x.png */,
				78B8E4811C1DC8120080A1DF /* Default.png */,
				78B8E4821C1DC8120080A1DF /* Default@2x.png */,
				78B8E4861C1DE3EA0080A1DF /* robot-start.wav */,
				78B8E4881C1DE3F60080A1DF /* robot-stop.wav */,
				78B8E47E1C1D8E540080A1DF /* fart-01.wav */,
				784359471C1B23AA00EA9B21 /* CoreMotion.framework */,
				7830E5DB1C035B020096C6B7 /* Base.lproj */,
				7830E5D91C035ACA0096C6B7 /* Assets.xcassets */,
			);
			path = Resources;
			sourceTree = "<group>";
		};
		7830E5DB1C035B020096C6B7 /* Base.lproj */ = {
			isa = PBXGroup;
			children = (
				7830E5DC1C035B020096C6B7 /* LaunchScreen.storyboard */,
			);
			path = Base.lproj;
			sourceTree = "<group>";
		};
		7830E5E21C035BC20096C6B7 /* UI */ = {
			isa = PBXGroup;
			children = (
				7830E5E71C0381770096C6B7 /* ViewControllers */,
				7830E5E61C0381600096C6B7 /* Views */,
			);
			path = UI;
			sourceTree = "<group>";
		};
		7830E5E31C035BE70096C6B7 /* Protocols */ = {
			isa = PBXGroup;
			children = (
			);
			path = Protocols;
			sourceTree = "<group>";
		};
		7830E5E41C035C0A0096C6B7 /* Models */ = {
			isa = PBXGroup;
			children = (
				784359431C1B1AEC00EA9B21 /* ARRMotionModel */,
				78097C9C1C06428300848BE3 /* ARRContentModel */,
				78097C981C06422700848BE3 /* ARRScoreModel */,
			);
			path = Models;
			sourceTree = "<group>";
		};
		7830E5E51C035C1B0096C6B7 /* Library */ = {
			isa = PBXGroup;
			children = (
				7830E5EA1C0382220096C6B7 /* Categories */,
				7830E5E91C0382020096C6B7 /* Classes */,
				7830E5E81C0381EF0096C6B7 /* Macros */,
			);
			path = Library;
			sourceTree = "<group>";
		};
		7830E5E61C0381600096C6B7 /* Views */ = {
			isa = PBXGroup;
			children = (
				7830E6001C051C350096C6B7 /* ARRView */,
			);
			path = Views;
			sourceTree = "<group>";
		};
		7830E5E71C0381770096C6B7 /* ViewControllers */ = {
			isa = PBXGroup;
			children = (
				7830E5FC1C047C350096C6B7 /* ARRViewController */,
				784191151C12092A005D8B64 /* ARRResultViewController */,
				7841910C1C10C394005D8B64 /* ARRFailViewController */,
				78097C8F1C060F8100848BE3 /* ARRStartViewController */,
			);
			path = ViewControllers;
			sourceTree = "<group>";
		};
		7830E5E81C0381EF0096C6B7 /* Macros */ = {
			isa = PBXGroup;
			children = (
				7830E5EF1C0467820096C6B7 /* ARRUniversalMacros.h */,
			);
			path = Macros;
			sourceTree = "<group>";
		};
		7830E5E91C0382020096C6B7 /* Classes */ = {
			isa = PBXGroup;
			children = (
				7830E5F01C0467E00096C6B7 /* ARRObservableObject */,
			);
			path = Classes;
			sourceTree = "<group>";
		};
		7830E5EA1C0382220096C6B7 /* Categories */ = {
			isa = PBXGroup;
			children = (
				7830E5F41C0468C30096C6B7 /* UIWindow+ARRWindow */,
				7830E5F71C0468C30096C6B7 /* UIViewController+ARRTrollsViewController */,
			);
			path = Categories;
			sourceTree = "<group>";
		};
		7830E5F01C0467E00096C6B7 /* ARRObservableObject */ = {
			isa = PBXGroup;
			children = (
				7830E5F11C0467E00096C6B7 /* ARRObservableObject.h */,
				7830E5F21C0467E00096C6B7 /* ARRObservableObject.m */,
			);
			path = ARRObservableObject;
			sourceTree = "<group>";
		};
		7830E5F41C0468C30096C6B7 /* UIWindow+ARRWindow */ = {
			isa = PBXGroup;
			children = (
				7830E5F51C0468C30096C6B7 /* UIWindow+ARRWindow.h */,
				7830E5F61C0468C30096C6B7 /* UIWindow+ARRWindow.m */,
			);
			path = "UIWindow+ARRWindow";
			sourceTree = "<group>";
		};
		7830E5F71C0468C30096C6B7 /* UIViewController+ARRTrollsViewController */ = {
			isa = PBXGroup;
			children = (
				7830E5F81C0468C30096C6B7 /* UIViewController+ARRExtensions.h */,
				7830E5F91C0468C30096C6B7 /* UIViewController+ARRExtensions.m */,
			);
			path = "UIViewController+ARRTrollsViewController";
			sourceTree = "<group>";
		};
		7830E5FC1C047C350096C6B7 /* ARRViewController */ = {
			isa = PBXGroup;
			children = (
				7830E5FD1C047CC40096C6B7 /* ARRViewController.h */,
				7830E5FE1C047CC40096C6B7 /* ARRViewController.m */,
			);
			path = ARRViewController;
			sourceTree = "<group>";
		};
		7830E6001C051C350096C6B7 /* ARRView */ = {
			isa = PBXGroup;
			children = (
				7830E6011C051CA30096C6B7 /* ARRView.h */,
				7830E6021C051CA30096C6B7 /* ARRView.m */,
			);
			path = ARRView;
			sourceTree = "<group>";
		};
		7841910C1C10C394005D8B64 /* ARRFailViewController */ = {
			isa = PBXGroup;
			children = (
				7841910D1C10C3FD005D8B64 /* ARRFailViewController.h */,
				7841910E1C10C3FD005D8B64 /* ARRFailViewController.m */,
				7841910F1C10C3FD005D8B64 /* ARRFailViewController.xib */,
				784191121C10C9FB005D8B64 /* ARRFailView.h */,
				784191131C10C9FB005D8B64 /* ARRFailView.m */,
			);
			path = ARRFailViewController;
			sourceTree = "<group>";
		};
		784191151C12092A005D8B64 /* ARRResultViewController */ = {
			isa = PBXGroup;
			children = (
				784191161C120966005D8B64 /* ARRResultViewController.h */,
				784191171C120966005D8B64 /* ARRResultViewController.m */,
				784191181C120966005D8B64 /* ARRResultViewController.xib */,
				7841911B1C122BBF005D8B64 /* ARRResultView.h */,
				7841911C1C122BBF005D8B64 /* ARRResultView.m */,
			);
			path = ARRResultViewController;
			sourceTree = "<group>";
		};
		784359431C1B1AEC00EA9B21 /* ARRMotionModel */ = {
			isa = PBXGroup;
			children = (
				784359441C1B1BFB00EA9B21 /* ARRMotionModel.h */,
				784359451C1B1BFB00EA9B21 /* ARRMotionModel.m */,
			);
			path = ARRMotionModel;
			sourceTree = "<group>";
		};
/* End PBXGroup section */

/* Begin PBXNativeTarget section */
		7830E5BC1C0330A40096C6B7 /* PhoneSpin */ = {
			isa = PBXNativeTarget;
			buildConfigurationList = 7830E5D41C0330A40096C6B7 /* Build configuration list for PBXNativeTarget "PhoneSpin" */;
			buildPhases = (
				7830E5B91C0330A40096C6B7 /* Sources */,
				7830E5BA1C0330A40096C6B7 /* Frameworks */,
				7830E5BB1C0330A40096C6B7 /* Resources */,
			);
			buildRules = (
			);
			dependencies = (
			);
			name = PhoneSpin;
			productName = PhoneSpin;
			productReference = 7830E5BD1C0330A40096C6B7 /* PhoneSpin.app */;
			productType = "com.apple.product-type.application";
		};
/* End PBXNativeTarget section */

/* Begin PBXProject section */
		7830E5B51C0330A40096C6B7 /* Project object */ = {
			isa = PBXProject;
			attributes = {
				LastUpgradeCheck = 0710;
				ORGANIZATIONNAME = "Igor Arsenkin";
				TargetAttributes = {
					7830E5BC1C0330A40096C6B7 = {
						CreatedOnToolsVersion = 7.1.1;
						DevelopmentTeam = PVJYV742FV;
					};
				};
			};
			buildConfigurationList = 7830E5B81C0330A40096C6B7 /* Build configuration list for PBXProject "PhoneSpin" */;
			compatibilityVersion = "Xcode 3.2";
			developmentRegion = English;
			hasScannedForEncodings = 0;
			knownRegions = (
				en,
				Base,
			);
			mainGroup = 7830E5B41C0330A40096C6B7;
			productRefGroup = 7830E5BE1C0330A40096C6B7 /* Products */;
			projectDirPath = "";
			projectRoot = "";
			targets = (
				7830E5BC1C0330A40096C6B7 /* PhoneSpin */,
			);
		};
/* End PBXProject section */

/* Begin PBXResourcesBuildPhase section */
		7830E5BB1C0330A40096C6B7 /* Resources */ = {
			isa = PBXResourcesBuildPhase;
			buildActionMask = 2147483647;
			files = (
				78B8E4851C1DC8120080A1DF /* Default@2x.png in Resources */,
				784191111C10C3FD005D8B64 /* ARRFailViewController.xib in Resources */,
				78097C941C060FDD00848BE3 /* ARRStartViewController.xib in Resources */,
				78B8E4831C1DC8120080A1DF /* Default-568h@2x.png in Resources */,
				7841911A1C120966005D8B64 /* ARRResultViewController.xib in Resources */,
				7830E5E01C035B020096C6B7 /* LaunchScreen.storyboard in Resources */,
				78B8E4891C1DE3F60080A1DF /* robot-stop.wav in Resources */,
				78B8E47F1C1D8E540080A1DF /* fart-01.wav in Resources */,
				784191051C0F1231005D8B64 /* LevelsFactor.plist in Resources */,
				78B8E4871C1DE3EA0080A1DF /* robot-start.wav in Resources */,
				7830E5DA1C035ACA0096C6B7 /* Assets.xcassets in Resources */,
				784191071C0F1D17005D8B64 /* LevelsNames.plist in Resources */,
				78B8E4841C1DC8120080A1DF /* Default.png in Resources */,
			);
			runOnlyForDeploymentPostprocessing = 0;
		};
/* End PBXResourcesBuildPhase section */

/* Begin PBXSourcesBuildPhase section */
		7830E5B91C0330A40096C6B7 /* Sources */ = {
			isa = PBXSourcesBuildPhase;
			buildActionMask = 2147483647;
			files = (
				78097C9B1C06427200848BE3 /* ARRScoreModel.m in Sources */,
				784191191C120966005D8B64 /* ARRResultViewController.m in Sources */,
				7841911D1C122BBF005D8B64 /* ARRResultView.m in Sources */,
				7830E5FF1C047CC40096C6B7 /* ARRViewController.m in Sources */,
				7830E5C21C0330A40096C6B7 /* main.m in Sources */,
				7830E6031C051CA30096C6B7 /* ARRView.m in Sources */,
				7830E5FB1C0468C30096C6B7 /* UIViewController+ARRExtensions.m in Sources */,
				784359461C1B1BFB00EA9B21 /* ARRMotionModel.m in Sources */,
				78097C971C06105100848BE3 /* ARRStartView.m in Sources */,
				7830E5FA1C0468C30096C6B7 /* UIWindow+ARRWindow.m in Sources */,
				78097C931C060FDD00848BE3 /* ARRStartViewController.m in Sources */,
				78097C9F1C0642A300848BE3 /* ARRContentModel.m in Sources */,
				7830E5F31C0467E00096C6B7 /* ARRObservableObject.m in Sources */,
				784191141C10C9FB005D8B64 /* ARRFailView.m in Sources */,
				784191101C10C3FD005D8B64 /* ARRFailViewController.m in Sources */,
				7830E5ED1C039C7C0096C6B7 /* ARRAppDelegate.m in Sources */,
			);
			runOnlyForDeploymentPostprocessing = 0;
		};
/* End PBXSourcesBuildPhase section */

/* Begin PBXVariantGroup section */
		7830E5DC1C035B020096C6B7 /* LaunchScreen.storyboard */ = {
			isa = PBXVariantGroup;
			children = (
				7830E5DD1C035B020096C6B7 /* Base */,
			);
			name = LaunchScreen.storyboard;
			sourceTree = "<group>";
		};
/* End PBXVariantGroup section */

/* Begin XCBuildConfiguration section */
		7830E5D21C0330A40096C6B7 /* Debug */ = {
			isa = XCBuildConfiguration;
			buildSettings = {
				ALWAYS_SEARCH_USER_PATHS = NO;
				CLANG_CXX_LANGUAGE_STANDARD = "gnu++0x";
				CLANG_CXX_LIBRARY = "libc++";
				CLANG_ENABLE_MODULES = YES;
				CLANG_ENABLE_OBJC_ARC = YES;
				CLANG_WARN_BOOL_CONVERSION = YES;
				CLANG_WARN_CONSTANT_CONVERSION = YES;
				CLANG_WARN_DIRECT_OBJC_ISA_USAGE = YES_ERROR;
				CLANG_WARN_EMPTY_BODY = YES;
				CLANG_WARN_ENUM_CONVERSION = YES;
				CLANG_WARN_INT_CONVERSION = YES;
				CLANG_WARN_OBJC_ROOT_CLASS = YES_ERROR;
				CLANG_WARN_UNREACHABLE_CODE = YES;
				CLANG_WARN__DUPLICATE_METHOD_MATCH = YES;
				"CODE_SIGN_IDENTITY[sdk=iphoneos*]" = "iPhone Developer";
				COPY_PHASE_STRIP = NO;
				DEBUG_INFORMATION_FORMAT = dwarf;
				ENABLE_STRICT_OBJC_MSGSEND = YES;
				ENABLE_TESTABILITY = YES;
				GCC_C_LANGUAGE_STANDARD = gnu99;
				GCC_DYNAMIC_NO_PIC = NO;
				GCC_NO_COMMON_BLOCKS = YES;
				GCC_OPTIMIZATION_LEVEL = 0;
				GCC_PREPROCESSOR_DEFINITIONS = (
					"DEBUG=1",
					"$(inherited)",
				);
				GCC_WARN_64_TO_32_BIT_CONVERSION = YES;
				GCC_WARN_ABOUT_RETURN_TYPE = YES_ERROR;
				GCC_WARN_UNDECLARED_SELECTOR = YES;
				GCC_WARN_UNINITIALIZED_AUTOS = YES_AGGRESSIVE;
				GCC_WARN_UNUSED_FUNCTION = YES;
				GCC_WARN_UNUSED_VARIABLE = YES;
				IPHONEOS_DEPLOYMENT_TARGET = 7.1;
				MTL_ENABLE_DEBUG_INFO = YES;
				ONLY_ACTIVE_ARCH = YES;
				SDKROOT = iphoneos;
			};
			name = Debug;
		};
		7830E5D31C0330A40096C6B7 /* Release */ = {
			isa = XCBuildConfiguration;
			buildSettings = {
				ALWAYS_SEARCH_USER_PATHS = NO;
				CLANG_CXX_LANGUAGE_STANDARD = "gnu++0x";
				CLANG_CXX_LIBRARY = "libc++";
				CLANG_ENABLE_MODULES = YES;
				CLANG_ENABLE_OBJC_ARC = YES;
				CLANG_WARN_BOOL_CONVERSION = YES;
				CLANG_WARN_CONSTANT_CONVERSION = YES;
				CLANG_WARN_DIRECT_OBJC_ISA_USAGE = YES_ERROR;
				CLANG_WARN_EMPTY_BODY = YES;
				CLANG_WARN_ENUM_CONVERSION = YES;
				CLANG_WARN_INT_CONVERSION = YES;
				CLANG_WARN_OBJC_ROOT_CLASS = YES_ERROR;
				CLANG_WARN_UNREACHABLE_CODE = YES;
				CLANG_WARN__DUPLICATE_METHOD_MATCH = YES;
				"CODE_SIGN_IDENTITY[sdk=iphoneos*]" = "iPhone Developer";
				COPY_PHASE_STRIP = NO;
				DEBUG_INFORMATION_FORMAT = "dwarf-with-dsym";
				ENABLE_NS_ASSERTIONS = NO;
				ENABLE_STRICT_OBJC_MSGSEND = YES;
				GCC_C_LANGUAGE_STANDARD = gnu99;
				GCC_NO_COMMON_BLOCKS = YES;
				GCC_WARN_64_TO_32_BIT_CONVERSION = YES;
				GCC_WARN_ABOUT_RETURN_TYPE = YES_ERROR;
				GCC_WARN_UNDECLARED_SELECTOR = YES;
				GCC_WARN_UNINITIALIZED_AUTOS = YES_AGGRESSIVE;
				GCC_WARN_UNUSED_FUNCTION = YES;
				GCC_WARN_UNUSED_VARIABLE = YES;
				IPHONEOS_DEPLOYMENT_TARGET = 7.1;
				MTL_ENABLE_DEBUG_INFO = NO;
				SDKROOT = iphoneos;
				VALIDATE_PRODUCT = YES;
			};
			name = Release;
		};
		7830E5D51C0330A40096C6B7 /* Debug */ = {
			isa = XCBuildConfiguration;
			buildSettings = {
				INFOPLIST_FILE = PhoneSpin/Info.plist;
				IPHONEOS_DEPLOYMENT_TARGET = 7.1;
				LD_RUNPATH_SEARCH_PATHS = "$(inherited) @executable_path/Frameworks";
				PRODUCT_BUNDLE_IDENTIFIER = "com.Igor-Arsenkin.PhoneSpin";
				PRODUCT_NAME = "$(TARGET_NAME)";
			};
			name = Debug;
		};
		7830E5D61C0330A40096C6B7 /* Release */ = {
			isa = XCBuildConfiguration;
			buildSettings = {
				INFOPLIST_FILE = PhoneSpin/Info.plist;
				IPHONEOS_DEPLOYMENT_TARGET = 7.1;
				LD_RUNPATH_SEARCH_PATHS = "$(inherited) @executable_path/Frameworks";
				PRODUCT_BUNDLE_IDENTIFIER = "com.Igor-Arsenkin.PhoneSpin";
				PRODUCT_NAME = "$(TARGET_NAME)";
			};
			name = Release;
		};
/* End XCBuildConfiguration section */

/* Begin XCConfigurationList section */
		7830E5B81C0330A40096C6B7 /* Build configuration list for PBXProject "PhoneSpin" */ = {
			isa = XCConfigurationList;
			buildConfigurations = (
				7830E5D21C0330A40096C6B7 /* Debug */,
				7830E5D31C0330A40096C6B7 /* Release */,
			);
			defaultConfigurationIsVisible = 0;
			defaultConfigurationName = Release;
		};
		7830E5D41C0330A40096C6B7 /* Build configuration list for PBXNativeTarget "PhoneSpin" */ = {
			isa = XCConfigurationList;
			buildConfigurations = (
				7830E5D51C0330A40096C6B7 /* Debug */,
				7830E5D61C0330A40096C6B7 /* Release */,
			);
			defaultConfigurationIsVisible = 0;
			defaultConfigurationName = Release;
		};
/* End XCConfigurationList section */
	};
	rootObject = 7830E5B51C0330A40096C6B7 /* Project object */;
}
